
Microsoft Visual Studio Solution File, Format Version 12.00
# Visual Studio Version 17
VisualStudioVersion = 17.14.36310.24 d17.14
MinimumVisualStudioVersion = 10.0.40219.1
Project("{FAE04EC0-301F-11D3-BF4B-00C04F79EFBC}") = "TavCRM", "TavCRM.csproj", "{1411937F-D219-41EA-9FEC-6276CDC7D824}"
EndProject
Global
	GlobalSection(SolutionConfigurationPlatforms) = preSolution
		Debug|Any CPU = Debug|Any CPU
		Release|Any CPU = Release|Any CPU
	EndGlobalSection
	GlobalSection(ProjectConfigurationPlatforms) = postSolution
		{1411937F-D219-41EA-9FEC-6276CDC7D824}.Debug|Any CPU.ActiveCfg = Debug|Any CPU
		{1411937F-D219-41EA-9FEC-6276CDC7D824}.Debug|Any CPU.Build.0 = Debug|Any CPU
		{1411937F-D219-41EA-9FEC-6276CDC7D824}.Release|Any CPU.ActiveCfg = Release|Any CPU
		{1411937F-D219-41EA-9FEC-6276CDC7D824}.Release|Any CPU.Build.0 = Release|Any CPU
	EndGlobalSection
	GlobalSection(SolutionProperties) = preSolution
		HideSolutionNode = FALSE
	EndGlobalSection
	GlobalSection(ExtensibilityGlobals) = postSolution
		SolutionGuid = {17E2ED2C-1D46-403A-8DDA-3C5035B51082}
	EndGlobalSection
EndGlobal
